// !$*UTF8*$!
{
	archiveVersion = 1;
	classes = {
	};
	objectVersion = 55;
	objects = {

/* Begin PBXBuildFile section */
		7F34D2B5286A64100009DF55 /* Assets.xcassets in Resources */ = {isa = PBXBuildFile; fileRef = 7FBDB2F3286A374F00A3A999 /* Assets.xcassets */; };
		7F34D2B8286A69250009DF55 /* ComposeViewController.m in Sources */ = {isa = PBXBuildFile; fileRef = 7F34D2B7286A69250009DF55 /* ComposeViewController.m */; };
		7F34D2BB286A8F200009DF55 /* Post.m in Sources */ = {isa = PBXBuildFile; fileRef = 7F34D2BA286A8F200009DF55 /* Post.m */; };
		7FBDB2E9286A374E00A3A999 /* AppDelegate.m in Sources */ = {isa = PBXBuildFile; fileRef = 7FBDB2E8286A374E00A3A999 /* AppDelegate.m */; };
		7FBDB2EC286A374E00A3A999 /* SceneDelegate.m in Sources */ = {isa = PBXBuildFile; fileRef = 7FBDB2EB286A374E00A3A999 /* SceneDelegate.m */; };
		7FBDB2FA286A374F00A3A999 /* main.m in Sources */ = {isa = PBXBuildFile; fileRef = 7FBDB2F9286A374F00A3A999 /* main.m */; };
		7FBDB307286A473A00A3A999 /* LoginViewController.m in Sources */ = {isa = PBXBuildFile; fileRef = 7FBDB306286A473A00A3A999 /* LoginViewController.m */; };
		7FBDB30A286A4B6B00A3A999 /* HomeViewController.m in Sources */ = {isa = PBXBuildFile; fileRef = 7FBDB309286A4B6B00A3A999 /* HomeViewController.m */; };
		7FBDB311286A57E000A3A999 /* Main.storyboard in Resources */ = {isa = PBXBuildFile; fileRef = 7FBDB2F0286A374E00A3A999 /* Main.storyboard */; };
		7FBDB312286A57E000A3A999 /* LaunchScreen.storyboard in Resources */ = {isa = PBXBuildFile; fileRef = 7FBDB2F5286A374F00A3A999 /* LaunchScreen.storyboard */; };
		7FBDB313286A57E600A3A999 /* Keys.plist in Resources */ = {isa = PBXBuildFile; fileRef = 7FBDB302286A3B0000A3A999 /* Keys.plist */; };
		7FCC065B286AC5A100634104 /* DetailsViewController.m in Sources */ = {isa = PBXBuildFile; fileRef = 7FCC065A286AC5A100634104 /* DetailsViewController.m */; };
		7FCC065D286AC68700634104 /* DetailsView.xib in Resources */ = {isa = PBXBuildFile; fileRef = 7FCC065C286AC68700634104 /* DetailsView.xib */; };
		7FCC0660286AC6C300634104 /* DetailsView.m in Sources */ = {isa = PBXBuildFile; fileRef = 7FCC065F286AC6C300634104 /* DetailsView.m */; };
		7FCC0663286B6B1900634104 /* CommentCell.m in Sources */ = {isa = PBXBuildFile; fileRef = 7FCC0662286B6B1900634104 /* CommentCell.m */; };
		7FCC0667286B758200634104 /* PostCell.m in Sources */ = {isa = PBXBuildFile; fileRef = 7FCC0665286B758200634104 /* PostCell.m */; };
		7FCC0668286B758200634104 /* PostCell.xib in Resources */ = {isa = PBXBuildFile; fileRef = 7FCC0666286B758200634104 /* PostCell.xib */; };
		D2B8EA4B3AAE17B5E547DE39 /* Pods_Instagram.framework in Frameworks */ = {isa = PBXBuildFile; fileRef = 52BF72BA0B206293EA745420 /* Pods_Instagram.framework */; };
/* End PBXBuildFile section */

/* Begin PBXFileReference section */
		02D7EA46F6517A1CC253DABC /* Pods-Instagram.release.xcconfig */ = {isa = PBXFileReference; includeInIndex = 1; lastKnownFileType = text.xcconfig; name = "Pods-Instagram.release.xcconfig"; path = "Target Support Files/Pods-Instagram/Pods-Instagram.release.xcconfig"; sourceTree = "<group>"; };
		52BF72BA0B206293EA745420 /* Pods_Instagram.framework */ = {isa = PBXFileReference; explicitFileType = wrapper.framework; includeInIndex = 0; path = Pods_Instagram.framework; sourceTree = BUILT_PRODUCTS_DIR; };
		7528903C40B3A2B8959138A1 /* Pods-Instagram.debug.xcconfig */ = {isa = PBXFileReference; includeInIndex = 1; lastKnownFileType = text.xcconfig; name = "Pods-Instagram.debug.xcconfig"; path = "Target Support Files/Pods-Instagram/Pods-Instagram.debug.xcconfig"; sourceTree = "<group>"; };
		7F34D2B6286A69250009DF55 /* ComposeViewController.h */ = {isa = PBXFileReference; lastKnownFileType = sourcecode.c.h; path = ComposeViewController.h; sourceTree = "<group>"; };
		7F34D2B7286A69250009DF55 /* ComposeViewController.m */ = {isa = PBXFileReference; lastKnownFileType = sourcecode.c.objc; path = ComposeViewController.m; sourceTree = "<group>"; };
		7F34D2BA286A8F200009DF55 /* Post.m */ = {isa = PBXFileReference; lastKnownFileType = sourcecode.c.objc; path = Post.m; sourceTree = "<group>"; };
		7F34D2BD286A8F590009DF55 /* Post.h */ = {isa = PBXFileReference; explicitFileType = sourcecode.c.objc; path = Post.h; sourceTree = "<group>"; };
		7FBDB2E4286A374E00A3A999 /* Instagram.app */ = {isa = PBXFileReference; explicitFileType = wrapper.application; includeInIndex = 0; path = Instagram.app; sourceTree = BUILT_PRODUCTS_DIR; };
		7FBDB2E7286A374E00A3A999 /* AppDelegate.h */ = {isa = PBXFileReference; lastKnownFileType = sourcecode.c.h; path = AppDelegate.h; sourceTree = "<group>"; };
		7FBDB2E8286A374E00A3A999 /* AppDelegate.m */ = {isa = PBXFileReference; lastKnownFileType = sourcecode.c.objc; path = AppDelegate.m; sourceTree = "<group>"; };
		7FBDB2EA286A374E00A3A999 /* SceneDelegate.h */ = {isa = PBXFileReference; lastKnownFileType = sourcecode.c.h; path = SceneDelegate.h; sourceTree = "<group>"; };
		7FBDB2EB286A374E00A3A999 /* SceneDelegate.m */ = {isa = PBXFileReference; lastKnownFileType = sourcecode.c.objc; path = SceneDelegate.m; sourceTree = "<group>"; };
		7FBDB2F1286A374E00A3A999 /* Base */ = {isa = PBXFileReference; lastKnownFileType = file.storyboard; name = Base; path = Base.lproj/Main.storyboard; sourceTree = "<group>"; };
		7FBDB2F3286A374F00A3A999 /* Assets.xcassets */ = {isa = PBXFileReference; lastKnownFileType = folder.assetcatalog; path = Assets.xcassets; sourceTree = "<group>"; };
		7FBDB2F6286A374F00A3A999 /* Base */ = {isa = PBXFileReference; lastKnownFileType = file.storyboard; name = Base; path = Base.lproj/LaunchScreen.storyboard; sourceTree = "<group>"; };
		7FBDB2F8286A374F00A3A999 /* Info.plist */ = {isa = PBXFileReference; lastKnownFileType = text.plist.xml; path = Info.plist; sourceTree = "<group>"; };
		7FBDB2F9286A374F00A3A999 /* main.m */ = {isa = PBXFileReference; lastKnownFileType = sourcecode.c.objc; path = main.m; sourceTree = "<group>"; };
		7FBDB302286A3B0000A3A999 /* Keys.plist */ = {isa = PBXFileReference; lastKnownFileType = text.plist.xml; path = Keys.plist; sourceTree = "<group>"; };
		7FBDB305286A473A00A3A999 /* LoginViewController.h */ = {isa = PBXFileReference; lastKnownFileType = sourcecode.c.h; path = LoginViewController.h; sourceTree = "<group>"; };
		7FBDB306286A473A00A3A999 /* LoginViewController.m */ = {isa = PBXFileReference; lastKnownFileType = sourcecode.c.objc; path = LoginViewController.m; sourceTree = "<group>"; };
		7FBDB308286A4B6B00A3A999 /* HomeViewController.h */ = {isa = PBXFileReference; lastKnownFileType = sourcecode.c.h; path = HomeViewController.h; sourceTree = "<group>"; };
		7FBDB309286A4B6B00A3A999 /* HomeViewController.m */ = {isa = PBXFileReference; lastKnownFileType = sourcecode.c.objc; path = HomeViewController.m; sourceTree = "<group>"; };
		7FCC0659286AC5A100634104 /* DetailsViewController.h */ = {isa = PBXFileReference; lastKnownFileType = sourcecode.c.h; path = DetailsViewController.h; sourceTree = "<group>"; };
		7FCC065A286AC5A100634104 /* DetailsViewController.m */ = {isa = PBXFileReference; lastKnownFileType = sourcecode.c.objc; path = DetailsViewController.m; sourceTree = "<group>"; };
		7FCC065C286AC68700634104 /* DetailsView.xib */ = {isa = PBXFileReference; lastKnownFileType = file.xib; path = DetailsView.xib; sourceTree = "<group>"; };
		7FCC065E286AC6C300634104 /* DetailsView.h */ = {isa = PBXFileReference; lastKnownFileType = sourcecode.c.h; path = DetailsView.h; sourceTree = "<group>"; };
		7FCC065F286AC6C300634104 /* DetailsView.m */ = {isa = PBXFileReference; lastKnownFileType = sourcecode.c.objc; path = DetailsView.m; sourceTree = "<group>"; };
		7FCC0661286B6B1900634104 /* CommentCell.h */ = {isa = PBXFileReference; lastKnownFileType = sourcecode.c.h; path = CommentCell.h; sourceTree = "<group>"; };
		7FCC0662286B6B1900634104 /* CommentCell.m */ = {isa = PBXFileReference; lastKnownFileType = sourcecode.c.objc; path = CommentCell.m; sourceTree = "<group>"; };
		7FCC0664286B758200634104 /* PostCell.h */ = {isa = PBXFileReference; lastKnownFileType = sourcecode.c.h; path = PostCell.h; sourceTree = "<group>"; };
		7FCC0665286B758200634104 /* PostCell.m */ = {isa = PBXFileReference; lastKnownFileType = sourcecode.c.objc; path = PostCell.m; sourceTree = "<group>"; };
		7FCC0666286B758200634104 /* PostCell.xib */ = {isa = PBXFileReference; lastKnownFileType = file.xib; path = PostCell.xib; sourceTree = "<group>"; };
/* End PBXFileReference section */

/* Begin PBXFrameworksBuildPhase section */
		7FBDB2E1286A374E00A3A999 /* Frameworks */ = {
			isa = PBXFrameworksBuildPhase;
			buildActionMask = 2147483647;
			files = (
				D2B8EA4B3AAE17B5E547DE39 /* Pods_Instagram.framework in Frameworks */,
			);
			runOnlyForDeploymentPostprocessing = 0;
		};
/* End PBXFrameworksBuildPhase section */

/* Begin PBXGroup section */
		12EC7ECD05D5B1D18038BFA4 /* Pods */ = {
			isa = PBXGroup;
			children = (
				7528903C40B3A2B8959138A1 /* Pods-Instagram.debug.xcconfig */,
				02D7EA46F6517A1CC253DABC /* Pods-Instagram.release.xcconfig */,
			);
			path = Pods;
			sourceTree = "<group>";
		};
		2CF796AF2D0BFF4AD8B62C52 /* Frameworks */ = {
			isa = PBXGroup;
			children = (
				52BF72BA0B206293EA745420 /* Pods_Instagram.framework */,
			);
			name = Frameworks;
			sourceTree = "<group>";
		};
		7F34D2B1286A62780009DF55 /* Views */ = {
			isa = PBXGroup;
			children = (
				7FCC065E286AC6C300634104 /* DetailsView.h */,
				7FCC065F286AC6C300634104 /* DetailsView.m */,
				7FCC065C286AC68700634104 /* DetailsView.xib */,
				7FCC0661286B6B1900634104 /* CommentCell.h */,
				7FCC0662286B6B1900634104 /* CommentCell.m */,
				7FCC0664286B758200634104 /* PostCell.h */,
				7FCC0665286B758200634104 /* PostCell.m */,
				7FCC0666286B758200634104 /* PostCell.xib */,
			);
			path = Views;
			sourceTree = "<group>";
		};
		7F34D2B9286A8F060009DF55 /* Models */ = {
			isa = PBXGroup;
			children = (
				7F34D2BA286A8F200009DF55 /* Post.m */,
				7F34D2BD286A8F590009DF55 /* Post.h */,
			);
			path = Models;
			sourceTree = "<group>";
		};
		7FBDB2DB286A374E00A3A999 = {
			isa = PBXGroup;
			children = (
				7FBDB2E6286A374E00A3A999 /* Instagram */,
				7FBDB2E5286A374E00A3A999 /* Products */,
				12EC7ECD05D5B1D18038BFA4 /* Pods */,
				2CF796AF2D0BFF4AD8B62C52 /* Frameworks */,
			);
			sourceTree = "<group>";
		};
		7FBDB2E5286A374E00A3A999 /* Products */ = {
			isa = PBXGroup;
			children = (
				7FBDB2E4286A374E00A3A999 /* Instagram.app */,
			);
			name = Products;
			sourceTree = "<group>";
		};
		7FBDB2E6286A374E00A3A999 /* Instagram */ = {
			isa = PBXGroup;
			children = (
				7F34D2B1286A62780009DF55 /* Views */,
				7FBDB304286A471100A3A999 /* ViewController */,
				7FBDB2E7286A374E00A3A999 /* AppDelegate.h */,
				7FBDB2E8286A374E00A3A999 /* AppDelegate.m */,
				7FBDB2EA286A374E00A3A999 /* SceneDelegate.h */,
				7FBDB2EB286A374E00A3A999 /* SceneDelegate.m */,
				7F34D2B9286A8F060009DF55 /* Models */,
				7FBDB2F0286A374E00A3A999 /* Main.storyboard */,
				7FBDB2F3286A374F00A3A999 /* Assets.xcassets */,
				7FBDB2F5286A374F00A3A999 /* LaunchScreen.storyboard */,
				7FBDB2F8286A374F00A3A999 /* Info.plist */,
				7FBDB2F9286A374F00A3A999 /* main.m */,
				7FBDB302286A3B0000A3A999 /* Keys.plist */,
			);
			path = Instagram;
			sourceTree = "<group>";
		};
		7FBDB304286A471100A3A999 /* ViewController */ = {
			isa = PBXGroup;
			children = (
				7FBDB305286A473A00A3A999 /* LoginViewController.h */,
				7FBDB306286A473A00A3A999 /* LoginViewController.m */,
				7FBDB308286A4B6B00A3A999 /* HomeViewController.h */,
				7FBDB309286A4B6B00A3A999 /* HomeViewController.m */,
				7F34D2B6286A69250009DF55 /* ComposeViewController.h */,
				7F34D2B7286A69250009DF55 /* ComposeViewController.m */,
				7FCC0659286AC5A100634104 /* DetailsViewController.h */,
				7FCC065A286AC5A100634104 /* DetailsViewController.m */,
			);
			path = ViewController;
			sourceTree = "<group>";
		};
/* End PBXGroup section */

/* Begin PBXNativeTarget section */
		7FBDB2E3286A374E00A3A999 /* Instagram */ = {
			isa = PBXNativeTarget;
			buildConfigurationList = 7FBDB2FD286A374F00A3A999 /* Build configuration list for PBXNativeTarget "Instagram" */;
			buildPhases = (
				F688C90BACAA171541BD4E5D /* [CP] Check Pods Manifest.lock */,
				7FBDB2E0286A374E00A3A999 /* Sources */,
				7FBDB2E1286A374E00A3A999 /* Frameworks */,
				7FBDB2E2286A374E00A3A999 /* Resources */,
				E3C50265A83160C9D20162D3 /* [CP] Embed Pods Frameworks */,
			);
			buildRules = (
			);
			dependencies = (
			);
			name = Instagram;
			productName = Instagram;
			productReference = 7FBDB2E4286A374E00A3A999 /* Instagram.app */;
			productType = "com.apple.product-type.application";
		};
/* End PBXNativeTarget section */

/* Begin PBXProject section */
		7FBDB2DC286A374E00A3A999 /* Project object */ = {
			isa = PBXProject;
			attributes = {
				BuildIndependentTargetsInParallel = 1;
				LastUpgradeCheck = 1340;
				TargetAttributes = {
					7FBDB2E3286A374E00A3A999 = {
						CreatedOnToolsVersion = 13.4;
					};
				};
			};
			buildConfigurationList = 7FBDB2DF286A374E00A3A999 /* Build configuration list for PBXProject "Instagram" */;
			compatibilityVersion = "Xcode 13.0";
			developmentRegion = en;
			hasScannedForEncodings = 0;
			knownRegions = (
				en,
				Base,
			);
			mainGroup = 7FBDB2DB286A374E00A3A999;
			productRefGroup = 7FBDB2E5286A374E00A3A999 /* Products */;
			projectDirPath = "";
			projectRoot = "";
			targets = (
				7FBDB2E3286A374E00A3A999 /* Instagram */,
			);
		};
/* End PBXProject section */

/* Begin PBXResourcesBuildPhase section */
		7FBDB2E2286A374E00A3A999 /* Resources */ = {
			isa = PBXResourcesBuildPhase;
			buildActionMask = 2147483647;
			files = (
				7FCC0668286B758200634104 /* PostCell.xib in Resources */,
				7F34D2B5286A64100009DF55 /* Assets.xcassets in Resources */,
				7FBDB313286A57E600A3A999 /* Keys.plist in Resources */,
				7FBDB311286A57E000A3A999 /* Main.storyboard in Resources */,
				7FBDB312286A57E000A3A999 /* LaunchScreen.storyboard in Resources */,
				7FCC065D286AC68700634104 /* DetailsView.xib in Resources */,
			);
			runOnlyForDeploymentPostprocessing = 0;
		};
/* End PBXResourcesBuildPhase section */

/* Begin PBXShellScriptBuildPhase section */
		E3C50265A83160C9D20162D3 /* [CP] Embed Pods Frameworks */ = {
			isa = PBXShellScriptBuildPhase;
			buildActionMask = 2147483647;
			files = (
			);
			inputFileListPaths = (
				"${PODS_ROOT}/Target Support Files/Pods-Instagram/Pods-Instagram-frameworks-${CONFIGURATION}-input-files.xcfilelist",
			);
			name = "[CP] Embed Pods Frameworks";
			outputFileListPaths = (
				"${PODS_ROOT}/Target Support Files/Pods-Instagram/Pods-Instagram-frameworks-${CONFIGURATION}-output-files.xcfilelist",
			);
			runOnlyForDeploymentPostprocessing = 0;
			shellPath = /bin/sh;
			shellScript = "\"${PODS_ROOT}/Target Support Files/Pods-Instagram/Pods-Instagram-frameworks.sh\"\n";
			showEnvVarsInLog = 0;
		};
		F688C90BACAA171541BD4E5D /* [CP] Check Pods Manifest.lock */ = {
			isa = PBXShellScriptBuildPhase;
			buildActionMask = 2147483647;
			files = (
			);
			inputFileListPaths = (
			);
			inputPaths = (
				"${PODS_PODFILE_DIR_PATH}/Podfile.lock",
				"${PODS_ROOT}/Manifest.lock",
			);
			name = "[CP] Check Pods Manifest.lock";
			outputFileListPaths = (
			);
			outputPaths = (
				"$(DERIVED_FILE_DIR)/Pods-Instagram-checkManifestLockResult.txt",
			);
			runOnlyForDeploymentPostprocessing = 0;
			shellPath = /bin/sh;
			shellScript = "diff \"${PODS_PODFILE_DIR_PATH}/Podfile.lock\" \"${PODS_ROOT}/Manifest.lock\" > /dev/null\nif [ $? != 0 ] ; then\n    # print error to STDERR\n    echo \"error: The sandbox is not in sync with the Podfile.lock. Run 'pod install' or update your CocoaPods installation.\" >&2\n    exit 1\nfi\n# This output is used by Xcode 'outputs' to avoid re-running this script phase.\necho \"SUCCESS\" > \"${SCRIPT_OUTPUT_FILE_0}\"\n";
			showEnvVarsInLog = 0;
		};
/* End PBXShellScriptBuildPhase section */

/* Begin PBXSourcesBuildPhase section */
		7FBDB2E0286A374E00A3A999 /* Sources */ = {
			isa = PBXSourcesBuildPhase;
			buildActionMask = 2147483647;
			files = (
				7FBDB307286A473A00A3A999 /* LoginViewController.m in Sources */,
				7FBDB2E9286A374E00A3A999 /* AppDelegate.m in Sources */,
				7FBDB2FA286A374F00A3A999 /* main.m in Sources */,
				7FBDB30A286A4B6B00A3A999 /* HomeViewController.m in Sources */,
				7F34D2B8286A69250009DF55 /* ComposeViewController.m in Sources */,
				7FCC0660286AC6C300634104 /* DetailsView.m in Sources */,
				7FCC0667286B758200634104 /* PostCell.m in Sources */,
				7FBDB2EC286A374E00A3A999 /* SceneDelegate.m in Sources */,
				7FCC0663286B6B1900634104 /* CommentCell.m in Sources */,
				7FCC065B286AC5A100634104 /* DetailsViewController.m in Sources */,
				7F34D2BB286A8F200009DF55 /* Post.m in Sources */,
			);
			runOnlyForDeploymentPostprocessing = 0;
		};
/* End PBXSourcesBuildPhase section */

/* Begin PBXVariantGroup section */
		7FBDB2F0286A374E00A3A999 /* Main.storyboard */ = {
			isa = PBXVariantGroup;
			children = (
				7FBDB2F1286A374E00A3A999 /* Base */,
			);
			name = Main.storyboard;
			sourceTree = "<group>";
		};
		7FBDB2F5286A374F00A3A999 /* LaunchScreen.storyboard */ = {
			isa = PBXVariantGroup;
			children = (
				7FBDB2F6286A374F00A3A999 /* Base */,
			);
			name = LaunchScreen.storyboard;
			sourceTree = "<group>";
		};
/* End PBXVariantGroup section */

/* Begin XCBuildConfiguration section */
		7FBDB2FB286A374F00A3A999 /* Debug */ = {
			isa = XCBuildConfiguration;
			buildSettings = {
				ALWAYS_SEARCH_USER_PATHS = NO;
				CLANG_ANALYZER_NONNULL = YES;
				CLANG_ANALYZER_NUMBER_OBJECT_CONVERSION = YES_AGGRESSIVE;
				CLANG_CXX_LANGUAGE_STANDARD = "gnu++17";
				CLANG_ENABLE_MODULES = YES;
				CLANG_ENABLE_OBJC_ARC = YES;
				CLANG_ENABLE_OBJC_WEAK = YES;
				CLANG_WARN_BLOCK_CAPTURE_AUTORELEASING = YES;
				CLANG_WARN_BOOL_CONVERSION = YES;
				CLANG_WARN_COMMA = YES;
				CLANG_WARN_CONSTANT_CONVERSION = YES;
				CLANG_WARN_DEPRECATED_OBJC_IMPLEMENTATIONS = YES;
				CLANG_WARN_DIRECT_OBJC_ISA_USAGE = YES_ERROR;
				CLANG_WARN_DOCUMENTATION_COMMENTS = YES;
				CLANG_WARN_EMPTY_BODY = YES;
				CLANG_WARN_ENUM_CONVERSION = YES;
				CLANG_WARN_INFINITE_RECURSION = YES;
				CLANG_WARN_INT_CONVERSION = YES;
				CLANG_WARN_NON_LITERAL_NULL_CONVERSION = YES;
				CLANG_WARN_OBJC_IMPLICIT_RETAIN_SELF = YES;
				CLANG_WARN_OBJC_LITERAL_CONVERSION = YES;
				CLANG_WARN_OBJC_ROOT_CLASS = YES_ERROR;
				CLANG_WARN_QUOTED_INCLUDE_IN_FRAMEWORK_HEADER = YES;
				CLANG_WARN_RANGE_LOOP_ANALYSIS = YES;
				CLANG_WARN_STRICT_PROTOTYPES = YES;
				CLANG_WARN_SUSPICIOUS_MOVE = YES;
				CLANG_WARN_UNGUARDED_AVAILABILITY = YES_AGGRESSIVE;
				CLANG_WARN_UNREACHABLE_CODE = YES;
				CLANG_WARN__DUPLICATE_METHOD_MATCH = YES;
				COPY_PHASE_STRIP = NO;
				DEBUG_INFORMATION_FORMAT = dwarf;
				ENABLE_STRICT_OBJC_MSGSEND = YES;
				ENABLE_TESTABILITY = YES;
				GCC_C_LANGUAGE_STANDARD = gnu11;
				GCC_DYNAMIC_NO_PIC = NO;
				GCC_NO_COMMON_BLOCKS = YES;
				GCC_OPTIMIZATION_LEVEL = 0;
				GCC_PREPROCESSOR_DEFINITIONS = (
					"DEBUG=1",
					"$(inherited)",
				);
				GCC_WARN_64_TO_32_BIT_CONVERSION = YES;
				GCC_WARN_ABOUT_RETURN_TYPE = YES_ERROR;
				GCC_WARN_UNDECLARED_SELECTOR = YES;
				GCC_WARN_UNINITIALIZED_AUTOS = YES_AGGRESSIVE;
				GCC_WARN_UNUSED_FUNCTION = YES;
				GCC_WARN_UNUSED_VARIABLE = YES;
				IPHONEOS_DEPLOYMENT_TARGET = 15.5;
				MTL_ENABLE_DEBUG_INFO = INCLUDE_SOURCE;
				MTL_FAST_MATH = YES;
				ONLY_ACTIVE_ARCH = YES;
				SDKROOT = iphoneos;
			};
			name = Debug;
		};
		7FBDB2FC286A374F00A3A999 /* Release */ = {
			isa = XCBuildConfiguration;
			buildSettings = {
				ALWAYS_SEARCH_USER_PATHS = NO;
				CLANG_ANALYZER_NONNULL = YES;
				CLANG_ANALYZER_NUMBER_OBJECT_CONVERSION = YES_AGGRESSIVE;
				CLANG_CXX_LANGUAGE_STANDARD = "gnu++17";
				CLANG_ENABLE_MODULES = YES;
				CLANG_ENABLE_OBJC_ARC = YES;
				CLANG_ENABLE_OBJC_WEAK = YES;
				CLANG_WARN_BLOCK_CAPTURE_AUTORELEASING = YES;
				CLANG_WARN_BOOL_CONVERSION = YES;
				CLANG_WARN_COMMA = YES;
				CLANG_WARN_CONSTANT_CONVERSION = YES;
				CLANG_WARN_DEPRECATED_OBJC_IMPLEMENTATIONS = YES;
				CLANG_WARN_DIRECT_OBJC_ISA_USAGE = YES_ERROR;
				CLANG_WARN_DOCUMENTATION_COMMENTS = YES;
				CLANG_WARN_EMPTY_BODY = YES;
				CLANG_WARN_ENUM_CONVERSION = YES;
				CLANG_WARN_INFINITE_RECURSION = YES;
				CLANG_WARN_INT_CONVERSION = YES;
				CLANG_WARN_NON_LITERAL_NULL_CONVERSION = YES;
				CLANG_WARN_OBJC_IMPLICIT_RETAIN_SELF = YES;
				CLANG_WARN_OBJC_LITERAL_CONVERSION = YES;
				CLANG_WARN_OBJC_ROOT_CLASS = YES_ERROR;
				CLANG_WARN_QUOTED_INCLUDE_IN_FRAMEWORK_HEADER = YES;
				CLANG_WARN_RANGE_LOOP_ANALYSIS = YES;
				CLANG_WARN_STRICT_PROTOTYPES = YES;
				CLANG_WARN_SUSPICIOUS_MOVE = YES;
				CLANG_WARN_UNGUARDED_AVAILABILITY = YES_AGGRESSIVE;
				CLANG_WARN_UNREACHABLE_CODE = YES;
				CLANG_WARN__DUPLICATE_METHOD_MATCH = YES;
				COPY_PHASE_STRIP = NO;
				DEBUG_INFORMATION_FORMAT = "dwarf-with-dsym";
				ENABLE_NS_ASSERTIONS = NO;
				ENABLE_STRICT_OBJC_MSGSEND = YES;
				GCC_C_LANGUAGE_STANDARD = gnu11;
				GCC_NO_COMMON_BLOCKS = YES;
				GCC_WARN_64_TO_32_BIT_CONVERSION = YES;
				GCC_WARN_ABOUT_RETURN_TYPE = YES_ERROR;
				GCC_WARN_UNDECLARED_SELECTOR = YES;
				GCC_WARN_UNINITIALIZED_AUTOS = YES_AGGRESSIVE;
				GCC_WARN_UNUSED_FUNCTION = YES;
				GCC_WARN_UNUSED_VARIABLE = YES;
				IPHONEOS_DEPLOYMENT_TARGET = 15.5;
				MTL_ENABLE_DEBUG_INFO = NO;
				MTL_FAST_MATH = YES;
				SDKROOT = iphoneos;
				VALIDATE_PRODUCT = YES;
			};
			name = Release;
		};
		7FBDB2FE286A374F00A3A999 /* Debug */ = {
			isa = XCBuildConfiguration;
			baseConfigurationReference = 7528903C40B3A2B8959138A1 /* Pods-Instagram.debug.xcconfig */;
			buildSettings = {
				ASSETCATALOG_COMPILER_APPICON_NAME = AppIcon;
				ASSETCATALOG_COMPILER_GLOBAL_ACCENT_COLOR_NAME = AccentColor;
				ASSETCATALOG_COMPILER_INCLUDE_ALL_APPICON_ASSETS = YES;
				CODE_SIGN_STYLE = Automatic;
				CURRENT_PROJECT_VERSION = 1;
				DEVELOPMENT_TEAM = K3R3WAQYL3;
				GENERATE_INFOPLIST_FILE = YES;
				INFOPLIST_FILE = Instagram/Info.plist;
				INFOPLIST_KEY_UIApplicationSupportsIndirectInputEvents = YES;
				INFOPLIST_KEY_UILaunchStoryboardName = LaunchScreen;
				INFOPLIST_KEY_UIMainStoryboardFile = Main;
				INFOPLIST_KEY_UISupportedInterfaceOrientations_iPad = "UIInterfaceOrientationPortrait UIInterfaceOrientationPortraitUpsideDown UIInterfaceOrientationLandscapeLeft UIInterfaceOrientationLandscapeRight";
				INFOPLIST_KEY_UISupportedInterfaceOrientations_iPhone = "UIInterfaceOrientationPortrait UIInterfaceOrientationLandscapeLeft UIInterfaceOrientationLandscapeRight";
				LD_RUNPATH_SEARCH_PATHS = (
					"$(inherited)",
					"@executable_path/Frameworks",
				);
				MARKETING_VERSION = 1.0;
				PRODUCT_BUNDLE_IDENTIFIER = "com.codepath.amanda-wang-instagram";
				PRODUCT_NAME = "$(TARGET_NAME)";
				SWIFT_EMIT_LOC_STRINGS = YES;
				TARGETED_DEVICE_FAMILY = "1,2";
			};
			name = Debug;
		};
		7FBDB2FF286A374F00A3A999 /* Release */ = {
			isa = XCBuildConfiguration;
			baseConfigurationReference = 02D7EA46F6517A1CC253DABC /* Pods-Instagram.release.xcconfig */;
			buildSettings = {
				ASSETCATALOG_COMPILER_APPICON_NAME = AppIcon;
				ASSETCATALOG_COMPILER_GLOBAL_ACCENT_COLOR_NAME = AccentColor;
				ASSETCATALOG_COMPILER_INCLUDE_ALL_APPICON_ASSETS = YES;
				CODE_SIGN_STYLE = Automatic;
				CURRENT_PROJECT_VERSION = 1;
				DEVELOPMENT_TEAM = K3R3WAQYL3;
				GENERATE_INFOPLIST_FILE = YES;
				INFOPLIST_FILE = Instagram/Info.plist;
				INFOPLIST_KEY_UIApplicationSupportsIndirectInputEvents = YES;
				INFOPLIST_KEY_UILaunchStoryboardName = LaunchScreen;
				INFOPLIST_KEY_UIMainStoryboardFile = Main;
				INFOPLIST_KEY_UISupportedInterfaceOrientations_iPad = "UIInterfaceOrientationPortrait UIInterfaceOrientationPortraitUpsideDown UIInterfaceOrientationLandscapeLeft UIInterfaceOrientationLandscapeRight";
				INFOPLIST_KEY_UISupportedInterfaceOrientations_iPhone = "UIInterfaceOrientationPortrait UIInterfaceOrientationLandscapeLeft UIInterfaceOrientationLandscapeRight";
				LD_RUNPATH_SEARCH_PATHS = (
					"$(inherited)",
					"@executable_path/Frameworks",
				);
				MARKETING_VERSION = 1.0;
				PRODUCT_BUNDLE_IDENTIFIER = "com.codepath.amanda-wang-instagram";
				PRODUCT_NAME = "$(TARGET_NAME)";
				SWIFT_EMIT_LOC_STRINGS = YES;
				TARGETED_DEVICE_FAMILY = "1,2";
			};
			name = Release;
		};
/* End XCBuildConfiguration section */

/* Begin XCConfigurationList section */
		7FBDB2DF286A374E00A3A999 /* Build configuration list for PBXProject "Instagram" */ = {
			isa = XCConfigurationList;
			buildConfigurations = (
				7FBDB2FB286A374F00A3A999 /* Debug */,
				7FBDB2FC286A374F00A3A999 /* Release */,
			);
			defaultConfigurationIsVisible = 0;
			defaultConfigurationName = Release;
		};
		7FBDB2FD286A374F00A3A999 /* Build configuration list for PBXNativeTarget "Instagram" */ = {
			isa = XCConfigurationList;
			buildConfigurations = (
				7FBDB2FE286A374F00A3A999 /* Debug */,
				7FBDB2FF286A374F00A3A999 /* Release */,
			);
			defaultConfigurationIsVisible = 0;
			defaultConfigurationName = Release;
		};
/* End XCConfigurationList section */
	};
	rootObject = 7FBDB2DC286A374E00A3A999 /* Project object */;
}
